
Microsoft Visual Studio Solution File, Format Version 12.00
# Visual Studio Version 17
VisualStudioVersion = 17.8.34330.188
MinimumVisualStudioVersion = 10.0.40219.1
Project("{8BC9CEB8-8B4A-11D0-8D11-00A0C91BC942}") = "knowledge", "knowledge\knowledge.vcxproj", "{98BE5C9E-4C63-4554-BA07-EF27527EAFA1}"
EndProject
Project("{8BC9CEB8-8B4A-11D0-8D11-00A0C91BC942}") = "practice", "practice\practice.vcxproj", "{FC8EA020-1005-4855-BB14-FDCD2E37A0C5}"
EndProject
Global
	GlobalSection(SolutionConfigurationPlatforms) = preSolution
		Debug|x64 = Debug|x64
		Debug|x86 = Debug|x86
		Release|x64 = Release|x64
		Release|x86 = Release|x86
	EndGlobalSection
	GlobalSection(ProjectConfigurationPlatforms) = postSolution
		{98BE5C9E-4C63-4554-BA07-EF27527EAFA1}.Debug|x64.ActiveCfg = Debug|x64
		{98BE5C9E-4C63-4554-BA07-EF27527EAFA1}.Debug|x64.Build.0 = Debug|x64
		{98BE5C9E-4C63-4554-BA07-EF27527EAFA1}.Debug|x86.ActiveCfg = Debug|Win32
		{98BE5C9E-4C63-4554-BA07-EF27527EAFA1}.Debug|x86.Build.0 = Debug|Win32
		{98BE5C9E-4C63-4554-BA07-EF27527EAFA1}.Release|x64.ActiveCfg = Release|x64
		{98BE5C9E-4C63-4554-BA07-EF27527EAFA1}.Release|x64.Build.0 = Release|x64
		{98BE5C9E-4C63-4554-BA07-EF27527EAFA1}.Release|x86.ActiveCfg = Release|Win32
		{98BE5C9E-4C63-4554-BA07-EF27527EAFA1}.Release|x86.Build.0 = Release|Win32
		{FC8EA020-1005-4855-BB14-FDCD2E37A0C5}.Debug|x64.ActiveCfg = Debug|x64
		{FC8EA020-1005-4855-BB14-FDCD2E37A0C5}.Debug|x64.Build.0 = Debug|x64
		{FC8EA020-1005-4855-BB14-FDCD2E37A0C5}.Debug|x86.ActiveCfg = Debug|Win32
		{FC8EA020-1005-4855-BB14-FDCD2E37A0C5}.Debug|x86.Build.0 = Debug|Win32
		{FC8EA020-1005-4855-BB14-FDCD2E37A0C5}.Release|x64.ActiveCfg = Release|x64
		{FC8EA020-1005-4855-BB14-FDCD2E37A0C5}.Release|x64.Build.0 = Release|x64
		{FC8EA020-1005-4855-BB14-FDCD2E37A0C5}.Release|x86.ActiveCfg = Release|Win32
		{FC8EA020-1005-4855-BB14-FDCD2E37A0C5}.Release|x86.Build.0 = Release|Win32
	EndGlobalSection
	GlobalSection(SolutionProperties) = preSolution
		HideSolutionNode = FALSE
	EndGlobalSection
	GlobalSection(ExtensibilityGlobals) = postSolution
		SolutionGuid = {79C90E98-1A92-4842-B007-81F5198199C7}
	EndGlobalSection
EndGlobal
